
Microsoft Visual Studio Solution File, Format Version 12.00
# Visual Studio Version 17
VisualStudioVersion = 17.7.34003.232
MinimumVisualStudioVersion = 10.0.40219.1
Project("{2150E333-8FDC-42A3-9474-1A3956D46DE8}") = "src", "src", "{27BAAF7C-FC8D-47FA-A537-79A2EC1B8E48}"
EndProject
Project("{2150E333-8FDC-42A3-9474-1A3956D46DE8}") = "building blocks", "building blocks", "{9F85D677-6B2E-4EEB-A1F2-251D47F86490}"
EndProject
Project("{2150E333-8FDC-42A3-9474-1A3956D46DE8}") = "Services", "Services", "{C757C766-42EC-421A-9B01-66F9B18E836F}"
EndProject
Project("{2150E333-8FDC-42A3-9474-1A3956D46DE8}") = "Web", "Web", "{0D15D83B-19A4-4190-9F7B-322C61CE4908}"
EndProject
Project("{2150E333-8FDC-42A3-9474-1A3956D46DE8}") = "Identidade", "Identidade", "{879B6A4C-FFE2-4847-8907-B70C75EE9930}"
EndProject
Project("{FAE04EC0-301F-11D3-BF4B-00C04F79EFBC}") = "NSE.Identidade.API", "src\services\NSE.Identidade.API\NSE.Identidade.API.csproj", "{71834FC2-C7D0-470F-8C95-B21CD9605304}"
EndProject
Project("{2150E333-8FDC-42A3-9474-1A3956D46DE8}") = "MVC", "MVC", "{DC5699F7-F5A6-4280-B225-4B480B0D1977}"
EndProject
Project("{FAE04EC0-301F-11D3-BF4B-00C04F79EFBC}") = "NSE.WebApi.API", "src\web\NSE.WebApi.API\NSE.WebApi.API.csproj", "{536EEA64-9535-400C-9853-7C96B1E13063}"
EndProject
Project("{2150E333-8FDC-42A3-9474-1A3956D46DE8}") = "Core", "Core", "{2146D4A5-40CC-4001-9CE4-D39D24D1FF61}"
EndProject
Project("{FAE04EC0-301F-11D3-BF4B-00C04F79EFBC}") = "NSE.Core", "src\building blocks\NSE.Core\NSE.Core.csproj", "{96B0F38B-C75C-433B-B42D-16D63F25C486}"
EndProject
Project("{2150E333-8FDC-42A3-9474-1A3956D46DE8}") = "Carrinho", "Carrinho", "{ACFD9640-11F4-4CA7-8F06-6FE7660A2B3A}"
EndProject
Project("{2150E333-8FDC-42A3-9474-1A3956D46DE8}") = "Catalogo", "Catalogo", "{44E0AB98-8559-48A2-B530-ACC956362A79}"
EndProject
Project("{2150E333-8FDC-42A3-9474-1A3956D46DE8}") = "Cliente", "Cliente", "{CD14C593-6749-4304-B5B8-66C30B34AC49}"
EndProject
Project("{2150E333-8FDC-42A3-9474-1A3956D46DE8}") = "Pagamento", "Pagamento", "{88DEB21C-633F-47B1-A2F1-154E4779973D}"
EndProject
Project("{2150E333-8FDC-42A3-9474-1A3956D46DE8}") = "Pedido", "Pedido", "{2F6F054E-9AF1-42D2-88BD-70812E1B5EED}"
EndProject
Project("{FAE04EC0-301F-11D3-BF4B-00C04F79EFBC}") = "NSE.Carrinho.API", "src\services\NSE.Carrinho.API\NSE.Carrinho.API.csproj", "{F9A07CD1-F443-4EE9-A9E6-BF1748F34106}"
EndProject
Project("{FAE04EC0-301F-11D3-BF4B-00C04F79EFBC}") = "NSE.Catalogo.API", "src\services\NSE.Catalogo.API\NSE.Catalogo.API.csproj", "{507B2E98-869E-45A3-861E-395C1DF28346}"
EndProject
Project("{FAE04EC0-301F-11D3-BF4B-00C04F79EFBC}") = "NSE.Cliente.API", "src\services\NSE.Cliente.API\NSE.Cliente.API.csproj", "{BDE3BEEF-51C9-4F83-95D4-AE7F0BD39384}"
EndProject
Project("{FAE04EC0-301F-11D3-BF4B-00C04F79EFBC}") = "NSE.Pagamento.API", "src\services\NSE.Pagamento.API\NSE.Pagamento.API.csproj", "{F6BD2991-9369-4E54-84FE-6EB0FA192D83}"
EndProject
Project("{FAE04EC0-301F-11D3-BF4B-00C04F79EFBC}") = "NSE.Pedido.API", "src\services\NSE.Pedido.API\NSE.Pedido.API.csproj", "{DE5A41DA-77CA-4292-87BC-65E511447438}"
EndProject
Global
	GlobalSection(SolutionConfigurationPlatforms) = preSolution
		Debug|Any CPU = Debug|Any CPU
		Release|Any CPU = Release|Any CPU
	EndGlobalSection
	GlobalSection(ProjectConfigurationPlatforms) = postSolution
		{71834FC2-C7D0-470F-8C95-B21CD9605304}.Debug|Any CPU.ActiveCfg = Debug|Any CPU
		{71834FC2-C7D0-470F-8C95-B21CD9605304}.Debug|Any CPU.Build.0 = Debug|Any CPU
		{71834FC2-C7D0-470F-8C95-B21CD9605304}.Release|Any CPU.ActiveCfg = Release|Any CPU
		{71834FC2-C7D0-470F-8C95-B21CD9605304}.Release|Any CPU.Build.0 = Release|Any CPU
		{536EEA64-9535-400C-9853-7C96B1E13063}.Debug|Any CPU.ActiveCfg = Debug|Any CPU
		{536EEA64-9535-400C-9853-7C96B1E13063}.Debug|Any CPU.Build.0 = Debug|Any CPU
		{536EEA64-9535-400C-9853-7C96B1E13063}.Release|Any CPU.ActiveCfg = Release|Any CPU
		{536EEA64-9535-400C-9853-7C96B1E13063}.Release|Any CPU.Build.0 = Release|Any CPU
		{96B0F38B-C75C-433B-B42D-16D63F25C486}.Debug|Any CPU.ActiveCfg = Debug|Any CPU
		{96B0F38B-C75C-433B-B42D-16D63F25C486}.Debug|Any CPU.Build.0 = Debug|Any CPU
		{96B0F38B-C75C-433B-B42D-16D63F25C486}.Release|Any CPU.ActiveCfg = Release|Any CPU
		{96B0F38B-C75C-433B-B42D-16D63F25C486}.Release|Any CPU.Build.0 = Release|Any CPU
		{F9A07CD1-F443-4EE9-A9E6-BF1748F34106}.Debug|Any CPU.ActiveCfg = Debug|Any CPU
		{F9A07CD1-F443-4EE9-A9E6-BF1748F34106}.Debug|Any CPU.Build.0 = Debug|Any CPU
		{F9A07CD1-F443-4EE9-A9E6-BF1748F34106}.Release|Any CPU.ActiveCfg = Release|Any CPU
		{F9A07CD1-F443-4EE9-A9E6-BF1748F34106}.Release|Any CPU.Build.0 = Release|Any CPU
		{507B2E98-869E-45A3-861E-395C1DF28346}.Debug|Any CPU.ActiveCfg = Debug|Any CPU
		{507B2E98-869E-45A3-861E-395C1DF28346}.Debug|Any CPU.Build.0 = Debug|Any CPU
		{507B2E98-869E-45A3-861E-395C1DF28346}.Release|Any CPU.ActiveCfg = Release|Any CPU
		{507B2E98-869E-45A3-861E-395C1DF28346}.Release|Any CPU.Build.0 = Release|Any CPU
		{BDE3BEEF-51C9-4F83-95D4-AE7F0BD39384}.Debug|Any CPU.ActiveCfg = Debug|Any CPU
		{BDE3BEEF-51C9-4F83-95D4-AE7F0BD39384}.Debug|Any CPU.Build.0 = Debug|Any CPU
		{BDE3BEEF-51C9-4F83-95D4-AE7F0BD39384}.Release|Any CPU.ActiveCfg = Release|Any CPU
		{BDE3BEEF-51C9-4F83-95D4-AE7F0BD39384}.Release|Any CPU.Build.0 = Release|Any CPU
		{F6BD2991-9369-4E54-84FE-6EB0FA192D83}.Debug|Any CPU.ActiveCfg = Debug|Any CPU
		{F6BD2991-9369-4E54-84FE-6EB0FA192D83}.Debug|Any CPU.Build.0 = Debug|Any CPU
		{F6BD2991-9369-4E54-84FE-6EB0FA192D83}.Release|Any CPU.ActiveCfg = Release|Any CPU
		{F6BD2991-9369-4E54-84FE-6EB0FA192D83}.Release|Any CPU.Build.0 = Release|Any CPU
		{DE5A41DA-77CA-4292-87BC-65E511447438}.Debug|Any CPU.ActiveCfg = Debug|Any CPU
		{DE5A41DA-77CA-4292-87BC-65E511447438}.Debug|Any CPU.Build.0 = Debug|Any CPU
		{DE5A41DA-77CA-4292-87BC-65E511447438}.Release|Any CPU.ActiveCfg = Release|Any CPU
		{DE5A41DA-77CA-4292-87BC-65E511447438}.Release|Any CPU.Build.0 = Release|Any CPU
	EndGlobalSection
	GlobalSection(SolutionProperties) = preSolution
		HideSolutionNode = FALSE
	EndGlobalSection
	GlobalSection(NestedProjects) = preSolution
		{9F85D677-6B2E-4EEB-A1F2-251D47F86490} = {27BAAF7C-FC8D-47FA-A537-79A2EC1B8E48}
		{C757C766-42EC-421A-9B01-66F9B18E836F} = {27BAAF7C-FC8D-47FA-A537-79A2EC1B8E48}
		{0D15D83B-19A4-4190-9F7B-322C61CE4908} = {27BAAF7C-FC8D-47FA-A537-79A2EC1B8E48}
		{879B6A4C-FFE2-4847-8907-B70C75EE9930} = {C757C766-42EC-421A-9B01-66F9B18E836F}
		{71834FC2-C7D0-470F-8C95-B21CD9605304} = {879B6A4C-FFE2-4847-8907-B70C75EE9930}
		{DC5699F7-F5A6-4280-B225-4B480B0D1977} = {0D15D83B-19A4-4190-9F7B-322C61CE4908}
		{536EEA64-9535-400C-9853-7C96B1E13063} = {DC5699F7-F5A6-4280-B225-4B480B0D1977}
		{2146D4A5-40CC-4001-9CE4-D39D24D1FF61} = {9F85D677-6B2E-4EEB-A1F2-251D47F86490}
		{96B0F38B-C75C-433B-B42D-16D63F25C486} = {2146D4A5-40CC-4001-9CE4-D39D24D1FF61}
		{ACFD9640-11F4-4CA7-8F06-6FE7660A2B3A} = {C757C766-42EC-421A-9B01-66F9B18E836F}
		{44E0AB98-8559-48A2-B530-ACC956362A79} = {C757C766-42EC-421A-9B01-66F9B18E836F}
		{CD14C593-6749-4304-B5B8-66C30B34AC49} = {C757C766-42EC-421A-9B01-66F9B18E836F}
		{88DEB21C-633F-47B1-A2F1-154E4779973D} = {C757C766-42EC-421A-9B01-66F9B18E836F}
		{2F6F054E-9AF1-42D2-88BD-70812E1B5EED} = {C757C766-42EC-421A-9B01-66F9B18E836F}
		{F9A07CD1-F443-4EE9-A9E6-BF1748F34106} = {ACFD9640-11F4-4CA7-8F06-6FE7660A2B3A}
		{507B2E98-869E-45A3-861E-395C1DF28346} = {44E0AB98-8559-48A2-B530-ACC956362A79}
		{BDE3BEEF-51C9-4F83-95D4-AE7F0BD39384} = {CD14C593-6749-4304-B5B8-66C30B34AC49}
		{F6BD2991-9369-4E54-84FE-6EB0FA192D83} = {88DEB21C-633F-47B1-A2F1-154E4779973D}
		{DE5A41DA-77CA-4292-87BC-65E511447438} = {2F6F054E-9AF1-42D2-88BD-70812E1B5EED}
	EndGlobalSection
	GlobalSection(ExtensibilityGlobals) = postSolution
		SolutionGuid = {4A492534-D05D-465E-B492-3C31E04FE251}
	EndGlobalSection
EndGlobal
