
Microsoft Visual Studio Solution File, Format Version 12.00
# Visual Studio Version 17
VisualStudioVersion = 17.7.34003.232
MinimumVisualStudioVersion = 10.0.40219.1
Project("{2150E333-8FDC-42A3-9474-1A3956D46DE8}") = "src", "src", "{27BAAF7C-FC8D-47FA-A537-79A2EC1B8E48}"
EndProject
Project("{2150E333-8FDC-42A3-9474-1A3956D46DE8}") = "building blocks", "building blocks", "{9F85D677-6B2E-4EEB-A1F2-251D47F86490}"
EndProject
Project("{2150E333-8FDC-42A3-9474-1A3956D46DE8}") = "Services", "Services", "{C757C766-42EC-421A-9B01-66F9B18E836F}"
EndProject
Project("{2150E333-8FDC-42A3-9474-1A3956D46DE8}") = "Web", "Web", "{0D15D83B-19A4-4190-9F7B-322C61CE4908}"
EndProject
Project("{2150E333-8FDC-42A3-9474-1A3956D46DE8}") = "Identidade", "Identidade", "{879B6A4C-FFE2-4847-8907-B70C75EE9930}"
EndProject
Project("{FAE04EC0-301F-11D3-BF4B-00C04F79EFBC}") = "NSE.Identidade.API", "src\services\NSE.Identidade.API\NSE.Identidade.API.csproj", "{71834FC2-C7D0-470F-8C95-B21CD9605304}"
EndProject
Global
	GlobalSection(SolutionConfigurationPlatforms) = preSolution
		Debug|Any CPU = Debug|Any CPU
		Release|Any CPU = Release|Any CPU
	EndGlobalSection
	GlobalSection(ProjectConfigurationPlatforms) = postSolution
		{71834FC2-C7D0-470F-8C95-B21CD9605304}.Debug|Any CPU.ActiveCfg = Debug|Any CPU
		{71834FC2-C7D0-470F-8C95-B21CD9605304}.Debug|Any CPU.Build.0 = Debug|Any CPU
		{71834FC2-C7D0-470F-8C95-B21CD9605304}.Release|Any CPU.ActiveCfg = Release|Any CPU
		{71834FC2-C7D0-470F-8C95-B21CD9605304}.Release|Any CPU.Build.0 = Release|Any CPU
	EndGlobalSection
	GlobalSection(SolutionProperties) = preSolution
		HideSolutionNode = FALSE
	EndGlobalSection
	GlobalSection(NestedProjects) = preSolution
		{9F85D677-6B2E-4EEB-A1F2-251D47F86490} = {27BAAF7C-FC8D-47FA-A537-79A2EC1B8E48}
		{C757C766-42EC-421A-9B01-66F9B18E836F} = {27BAAF7C-FC8D-47FA-A537-79A2EC1B8E48}
		{0D15D83B-19A4-4190-9F7B-322C61CE4908} = {27BAAF7C-FC8D-47FA-A537-79A2EC1B8E48}
		{879B6A4C-FFE2-4847-8907-B70C75EE9930} = {C757C766-42EC-421A-9B01-66F9B18E836F}
		{71834FC2-C7D0-470F-8C95-B21CD9605304} = {879B6A4C-FFE2-4847-8907-B70C75EE9930}
	EndGlobalSection
	GlobalSection(ExtensibilityGlobals) = postSolution
		SolutionGuid = {4A492534-D05D-465E-B492-3C31E04FE251}
	EndGlobalSection
EndGlobal
