
Microsoft Visual Studio Solution File, Format Version 12.00
# Visual Studio Version 17
VisualStudioVersion = 17.7.34003.232
MinimumVisualStudioVersion = 10.0.40219.1
Project("{2150E333-8FDC-42A3-9474-1A3956D46DE8}") = "src", "src", "{27BAAF7C-FC8D-47FA-A537-79A2EC1B8E48}"
EndProject
Project("{2150E333-8FDC-42A3-9474-1A3956D46DE8}") = "building blocks", "building blocks", "{9F85D677-6B2E-4EEB-A1F2-251D47F86490}"
EndProject
Project("{2150E333-8FDC-42A3-9474-1A3956D46DE8}") = "Services", "Services", "{C757C766-42EC-421A-9B01-66F9B18E836F}"
EndProject
Project("{2150E333-8FDC-42A3-9474-1A3956D46DE8}") = "Web", "Web", "{0D15D83B-19A4-4190-9F7B-322C61CE4908}"
EndProject
Project("{2150E333-8FDC-42A3-9474-1A3956D46DE8}") = "MVC", "MVC", "{DC5699F7-F5A6-4280-B225-4B480B0D1977}"
EndProject
Project("{FAE04EC0-301F-11D3-BF4B-00C04F79EFBC}") = "NSE.WebApi.API", "src\web\NSE.WebApi.API\NSE.WebApi.API.csproj", "{536EEA64-9535-400C-9853-7C96B1E13063}"
EndProject
Project("{2150E333-8FDC-42A3-9474-1A3956D46DE8}") = "Core", "Core", "{2146D4A5-40CC-4001-9CE4-D39D24D1FF61}"
EndProject
Project("{FAE04EC0-301F-11D3-BF4B-00C04F79EFBC}") = "NSE.Core", "src\building blocks\NSE.Core\NSE.Core.csproj", "{96B0F38B-C75C-433B-B42D-16D63F25C486}"
EndProject
Project("{2150E333-8FDC-42A3-9474-1A3956D46DE8}") = "Carrinho", "Carrinho", "{ACFD9640-11F4-4CA7-8F06-6FE7660A2B3A}"
EndProject
Project("{2150E333-8FDC-42A3-9474-1A3956D46DE8}") = "Cliente", "Cliente", "{CD14C593-6749-4304-B5B8-66C30B34AC49}"
EndProject
Project("{FAE04EC0-301F-11D3-BF4B-00C04F79EFBC}") = "NFS.Cliente.API", "src\services\NFS.Cliente.API\NFS.Cliente.API.csproj", "{FFCAE5F1-D368-451D-B47D-C6E205C4A096}"
EndProject
Project("{FAE04EC0-301F-11D3-BF4B-00C04F79EFBC}") = "NSE.Carrinho.API", "src\services\NSE.Carrinho.API\NSE.Carrinho.API\NSE.Carrinho.API.csproj", "{23803022-F27A-4C38-97D9-024606322FD2}"
EndProject
Project("{2150E333-8FDC-42A3-9474-1A3956D46DE8}") = "Catalogo", "Catalogo", "{C44F2CFF-DDB2-4E34-B481-E7F6212A4A19}"
EndProject
Project("{2150E333-8FDC-42A3-9474-1A3956D46DE8}") = "Identidade", "Identidade", "{CCDC9FB7-20F9-4D8C-A567-A5663778431B}"
EndProject
Project("{2150E333-8FDC-42A3-9474-1A3956D46DE8}") = "Pagamento", "Pagamento", "{73ABC084-6BDF-42B2-86C7-5BD2AAFA8A2D}"
EndProject
Project("{2150E333-8FDC-42A3-9474-1A3956D46DE8}") = "Pedido", "Pedido", "{880E2E70-155D-4CB7-9A74-7C822CD840FC}"
EndProject
Project("{FAE04EC0-301F-11D3-BF4B-00C04F79EFBC}") = "NSE.Catalogo.API", "src\services\NSE.Catalogo.API\NSE.Catalogo.API.csproj", "{1D524569-A922-4842-8164-81C14E1B5828}"
EndProject
Project("{FAE04EC0-301F-11D3-BF4B-00C04F79EFBC}") = "NSE.Identidade.API", "src\services\NSE.Identidade.API\NSE.Identidade.API.csproj", "{3AFA9016-CBBA-47C1-861A-8A9647BE09FA}"
EndProject
Project("{FAE04EC0-301F-11D3-BF4B-00C04F79EFBC}") = "NSE.Pagamento.API", "src\services\NSE.Pagamento.API\NSE.Pagamento.API.csproj", "{711DF3A2-A836-40B1-8615-978ED0A7532C}"
EndProject
Project("{FAE04EC0-301F-11D3-BF4B-00C04F79EFBC}") = "NSE.Pedido.API", "src\services\NSE.Pedido.API\NSE.Pedido.API.csproj", "{B61D55AD-A64F-4E4C-B099-7E0B3CA13348}"
EndProject
Project("{2150E333-8FDC-42A3-9474-1A3956D46DE8}") = "Services", "Services", "{02EA681E-C7D8-13C7-8484-4AC65E1B71E8}"
EndProject
Project("{FAE04EC0-301F-11D3-BF4B-00C04F79EFBC}") = "NSE.WebAPI.Core", "NSE.WebAPI.Core\NSE.WebAPI.Core.csproj", "{0FC99EB7-7171-47D1-A79F-3167AB97A300}"
EndProject
Global
	GlobalSection(SolutionConfigurationPlatforms) = preSolution
		Debug|Any CPU = Debug|Any CPU
		Release|Any CPU = Release|Any CPU
	EndGlobalSection
	GlobalSection(ProjectConfigurationPlatforms) = postSolution
		{536EEA64-9535-400C-9853-7C96B1E13063}.Debug|Any CPU.ActiveCfg = Debug|Any CPU
		{536EEA64-9535-400C-9853-7C96B1E13063}.Debug|Any CPU.Build.0 = Debug|Any CPU
		{536EEA64-9535-400C-9853-7C96B1E13063}.Release|Any CPU.ActiveCfg = Release|Any CPU
		{536EEA64-9535-400C-9853-7C96B1E13063}.Release|Any CPU.Build.0 = Release|Any CPU
		{96B0F38B-C75C-433B-B42D-16D63F25C486}.Debug|Any CPU.ActiveCfg = Debug|Any CPU
		{96B0F38B-C75C-433B-B42D-16D63F25C486}.Debug|Any CPU.Build.0 = Debug|Any CPU
		{96B0F38B-C75C-433B-B42D-16D63F25C486}.Release|Any CPU.ActiveCfg = Release|Any CPU
		{96B0F38B-C75C-433B-B42D-16D63F25C486}.Release|Any CPU.Build.0 = Release|Any CPU
		{FFCAE5F1-D368-451D-B47D-C6E205C4A096}.Debug|Any CPU.ActiveCfg = Debug|Any CPU
		{FFCAE5F1-D368-451D-B47D-C6E205C4A096}.Debug|Any CPU.Build.0 = Debug|Any CPU
		{FFCAE5F1-D368-451D-B47D-C6E205C4A096}.Release|Any CPU.ActiveCfg = Release|Any CPU
		{FFCAE5F1-D368-451D-B47D-C6E205C4A096}.Release|Any CPU.Build.0 = Release|Any CPU
		{23803022-F27A-4C38-97D9-024606322FD2}.Debug|Any CPU.ActiveCfg = Debug|Any CPU
		{23803022-F27A-4C38-97D9-024606322FD2}.Debug|Any CPU.Build.0 = Debug|Any CPU
		{23803022-F27A-4C38-97D9-024606322FD2}.Release|Any CPU.ActiveCfg = Release|Any CPU
		{23803022-F27A-4C38-97D9-024606322FD2}.Release|Any CPU.Build.0 = Release|Any CPU
		{1D524569-A922-4842-8164-81C14E1B5828}.Debug|Any CPU.ActiveCfg = Debug|Any CPU
		{1D524569-A922-4842-8164-81C14E1B5828}.Debug|Any CPU.Build.0 = Debug|Any CPU
		{1D524569-A922-4842-8164-81C14E1B5828}.Release|Any CPU.ActiveCfg = Release|Any CPU
		{1D524569-A922-4842-8164-81C14E1B5828}.Release|Any CPU.Build.0 = Release|Any CPU
		{3AFA9016-CBBA-47C1-861A-8A9647BE09FA}.Debug|Any CPU.ActiveCfg = Debug|Any CPU
		{3AFA9016-CBBA-47C1-861A-8A9647BE09FA}.Debug|Any CPU.Build.0 = Debug|Any CPU
		{3AFA9016-CBBA-47C1-861A-8A9647BE09FA}.Release|Any CPU.ActiveCfg = Release|Any CPU
		{3AFA9016-CBBA-47C1-861A-8A9647BE09FA}.Release|Any CPU.Build.0 = Release|Any CPU
		{711DF3A2-A836-40B1-8615-978ED0A7532C}.Debug|Any CPU.ActiveCfg = Debug|Any CPU
		{711DF3A2-A836-40B1-8615-978ED0A7532C}.Debug|Any CPU.Build.0 = Debug|Any CPU
		{711DF3A2-A836-40B1-8615-978ED0A7532C}.Release|Any CPU.ActiveCfg = Release|Any CPU
		{711DF3A2-A836-40B1-8615-978ED0A7532C}.Release|Any CPU.Build.0 = Release|Any CPU
		{B61D55AD-A64F-4E4C-B099-7E0B3CA13348}.Debug|Any CPU.ActiveCfg = Debug|Any CPU
		{B61D55AD-A64F-4E4C-B099-7E0B3CA13348}.Debug|Any CPU.Build.0 = Debug|Any CPU
		{B61D55AD-A64F-4E4C-B099-7E0B3CA13348}.Release|Any CPU.ActiveCfg = Release|Any CPU
		{B61D55AD-A64F-4E4C-B099-7E0B3CA13348}.Release|Any CPU.Build.0 = Release|Any CPU
		{0FC99EB7-7171-47D1-A79F-3167AB97A300}.Debug|Any CPU.ActiveCfg = Debug|Any CPU
		{0FC99EB7-7171-47D1-A79F-3167AB97A300}.Debug|Any CPU.Build.0 = Debug|Any CPU
		{0FC99EB7-7171-47D1-A79F-3167AB97A300}.Release|Any CPU.ActiveCfg = Release|Any CPU
		{0FC99EB7-7171-47D1-A79F-3167AB97A300}.Release|Any CPU.Build.0 = Release|Any CPU
	EndGlobalSection
	GlobalSection(SolutionProperties) = preSolution
		HideSolutionNode = FALSE
	EndGlobalSection
	GlobalSection(NestedProjects) = preSolution
		{9F85D677-6B2E-4EEB-A1F2-251D47F86490} = {27BAAF7C-FC8D-47FA-A537-79A2EC1B8E48}
		{C757C766-42EC-421A-9B01-66F9B18E836F} = {27BAAF7C-FC8D-47FA-A537-79A2EC1B8E48}
		{0D15D83B-19A4-4190-9F7B-322C61CE4908} = {27BAAF7C-FC8D-47FA-A537-79A2EC1B8E48}
		{DC5699F7-F5A6-4280-B225-4B480B0D1977} = {0D15D83B-19A4-4190-9F7B-322C61CE4908}
		{536EEA64-9535-400C-9853-7C96B1E13063} = {DC5699F7-F5A6-4280-B225-4B480B0D1977}
		{2146D4A5-40CC-4001-9CE4-D39D24D1FF61} = {9F85D677-6B2E-4EEB-A1F2-251D47F86490}
		{96B0F38B-C75C-433B-B42D-16D63F25C486} = {2146D4A5-40CC-4001-9CE4-D39D24D1FF61}
		{ACFD9640-11F4-4CA7-8F06-6FE7660A2B3A} = {C757C766-42EC-421A-9B01-66F9B18E836F}
		{CD14C593-6749-4304-B5B8-66C30B34AC49} = {C757C766-42EC-421A-9B01-66F9B18E836F}
		{FFCAE5F1-D368-451D-B47D-C6E205C4A096} = {CD14C593-6749-4304-B5B8-66C30B34AC49}
		{23803022-F27A-4C38-97D9-024606322FD2} = {ACFD9640-11F4-4CA7-8F06-6FE7660A2B3A}
		{C44F2CFF-DDB2-4E34-B481-E7F6212A4A19} = {C757C766-42EC-421A-9B01-66F9B18E836F}
		{CCDC9FB7-20F9-4D8C-A567-A5663778431B} = {C757C766-42EC-421A-9B01-66F9B18E836F}
		{73ABC084-6BDF-42B2-86C7-5BD2AAFA8A2D} = {C757C766-42EC-421A-9B01-66F9B18E836F}
		{880E2E70-155D-4CB7-9A74-7C822CD840FC} = {C757C766-42EC-421A-9B01-66F9B18E836F}
		{1D524569-A922-4842-8164-81C14E1B5828} = {C44F2CFF-DDB2-4E34-B481-E7F6212A4A19}
		{3AFA9016-CBBA-47C1-861A-8A9647BE09FA} = {CCDC9FB7-20F9-4D8C-A567-A5663778431B}
		{711DF3A2-A836-40B1-8615-978ED0A7532C} = {73ABC084-6BDF-42B2-86C7-5BD2AAFA8A2D}
		{B61D55AD-A64F-4E4C-B099-7E0B3CA13348} = {880E2E70-155D-4CB7-9A74-7C822CD840FC}
		{02EA681E-C7D8-13C7-8484-4AC65E1B71E8} = {9F85D677-6B2E-4EEB-A1F2-251D47F86490}
		{0FC99EB7-7171-47D1-A79F-3167AB97A300} = {02EA681E-C7D8-13C7-8484-4AC65E1B71E8}
	EndGlobalSection
	GlobalSection(ExtensibilityGlobals) = postSolution
		SolutionGuid = {4A492534-D05D-465E-B492-3C31E04FE251}
	EndGlobalSection
EndGlobal
